
Microsoft Visual Studio Solution File, Format Version 12.00
# Visual Studio Version 16
VisualStudioVersion = 16.0.29102.190
MinimumVisualStudioVersion = 10.0.40219.1
Project("{FAE04EC0-301F-11D3-BF4B-00C04F79EFBC}") = "docker-guide-api", "docker-guide-api.csproj", "{62C2690D-465B-4BFA-817A-00969C348252}"
EndProject
Global
	GlobalSection(SolutionConfigurationPlatforms) = preSolution
		Debug|Any CPU = Debug|Any CPU
		Release|Any CPU = Release|Any CPU
	EndGlobalSection
	GlobalSection(ProjectConfigurationPlatforms) = postSolution
		{62C2690D-465B-4BFA-817A-00969C348252}.Debug|Any CPU.ActiveCfg = Debug|Any CPU
		{62C2690D-465B-4BFA-817A-00969C348252}.Debug|Any CPU.Build.0 = Debug|Any CPU
		{62C2690D-465B-4BFA-817A-00969C348252}.Release|Any CPU.ActiveCfg = Release|Any CPU
		{62C2690D-465B-4BFA-817A-00969C348252}.Release|Any CPU.Build.0 = Release|Any CPU
	EndGlobalSection
	GlobalSection(SolutionProperties) = preSolution
		HideSolutionNode = FALSE
	EndGlobalSection
	GlobalSection(ExtensibilityGlobals) = postSolution
		SolutionGuid = {7C16FE4F-2611-42E5-88FE-C3C7402F3E1F}
	EndGlobalSection
EndGlobal
